
Microsoft Visual Studio Solution File, Format Version 12.00
# Visual Studio Version 16
VisualStudioVersion = 16.0.30717.126
MinimumVisualStudioVersion = 10.0.40219.1
Project("{FAE04EC0-301F-11D3-BF4B-00C04F79EFBC}") = "Zero2Unpacker", "Zero2Unpacker.csproj", "{0F2DA95B-4E33-434E-B852-A84E9C1E09ED}"
EndProject
Global
	GlobalSection(SolutionConfigurationPlatforms) = preSolution
		Debug|Any CPU = Debug|Any CPU
		Release|Any CPU = Release|Any CPU
	EndGlobalSection
	GlobalSection(ProjectConfigurationPlatforms) = postSolution
		{0F2DA95B-4E33-434E-B852-A84E9C1E09ED}.Debug|Any CPU.ActiveCfg = Debug|Any CPU
		{0F2DA95B-4E33-434E-B852-A84E9C1E09ED}.Debug|Any CPU.Build.0 = Debug|Any CPU
		{0F2DA95B-4E33-434E-B852-A84E9C1E09ED}.Release|Any CPU.ActiveCfg = Release|Any CPU
		{0F2DA95B-4E33-434E-B852-A84E9C1E09ED}.Release|Any CPU.Build.0 = Release|Any CPU
	EndGlobalSection
	GlobalSection(SolutionProperties) = preSolution
		HideSolutionNode = FALSE
	EndGlobalSection
	GlobalSection(ExtensibilityGlobals) = postSolution
		SolutionGuid = {C6BAB339-63F9-419B-A380-5CCDA1B3848E}
	EndGlobalSection
EndGlobal
